
Microsoft Visual Studio Solution File, Format Version 12.00
# Visual Studio Version 17
VisualStudioVersion = 17.9.34622.214
MinimumVisualStudioVersion = 10.0.40219.1
Project("{9A19103F-16F7-4668-BE54-9A1E7A4F7556}") = "ConsoleForms", "ConsoleForms\ConsoleForms.csproj", "{446CA66E-6DE0-4A5A-B57E-9EF7E848258C}"
EndProject
Project("{FAE04EC0-301F-11D3-BF4B-00C04F79EFBC}") = "Example", "Example\Example.csproj", "{742EBD54-BD94-4168-B851-41C733592166}"
EndProject
Global
	GlobalSection(SolutionConfigurationPlatforms) = preSolution
		Debug|Any CPU = Debug|Any CPU
		Release|Any CPU = Release|Any CPU
	EndGlobalSection
	GlobalSection(ProjectConfigurationPlatforms) = postSolution
		{446CA66E-6DE0-4A5A-B57E-9EF7E848258C}.Debug|Any CPU.ActiveCfg = Debug|Any CPU
		{446CA66E-6DE0-4A5A-B57E-9EF7E848258C}.Debug|Any CPU.Build.0 = Debug|Any CPU
		{446CA66E-6DE0-4A5A-B57E-9EF7E848258C}.Release|Any CPU.ActiveCfg = Release|Any CPU
		{446CA66E-6DE0-4A5A-B57E-9EF7E848258C}.Release|Any CPU.Build.0 = Release|Any CPU
		{742EBD54-BD94-4168-B851-41C733592166}.Debug|Any CPU.ActiveCfg = Debug|Any CPU
		{742EBD54-BD94-4168-B851-41C733592166}.Debug|Any CPU.Build.0 = Debug|Any CPU
		{742EBD54-BD94-4168-B851-41C733592166}.Release|Any CPU.ActiveCfg = Release|Any CPU
		{742EBD54-BD94-4168-B851-41C733592166}.Release|Any CPU.Build.0 = Release|Any CPU
	EndGlobalSection
	GlobalSection(SolutionProperties) = preSolution
		HideSolutionNode = FALSE
	EndGlobalSection
	GlobalSection(ExtensibilityGlobals) = postSolution
		SolutionGuid = {9C2DEC33-B3CF-4715-9D28-A2038C99C53A}
	EndGlobalSection
EndGlobal
